// !$*UTF8*$!
{
	archiveVersion = 1;
	classes = {
	};
	objectVersion = 50;
	objects = {

/* Begin PBXBuildFile section */
		AF79C02125F3401B004213FE /* AppDelegate.swift in Sources */ = {isa = PBXBuildFile; fileRef = AF79C02025F3401B004213FE /* AppDelegate.swift */; };
		AF79C02325F3401B004213FE /* SceneDelegate.swift in Sources */ = {isa = PBXBuildFile; fileRef = AF79C02225F3401B004213FE /* SceneDelegate.swift */; };
		AF79C02525F3401B004213FE /* ContentView.swift in Sources */ = {isa = PBXBuildFile; fileRef = AF79C02425F3401B004213FE /* ContentView.swift */; };
		AF79C02725F3401D004213FE /* Assets.xcassets in Resources */ = {isa = PBXBuildFile; fileRef = AF79C02625F3401D004213FE /* Assets.xcassets */; };
		AF79C02A25F3401D004213FE /* Preview Assets.xcassets in Resources */ = {isa = PBXBuildFile; fileRef = AF79C02925F3401D004213FE /* Preview Assets.xcassets */; };
		AF79C02D25F3401D004213FE /* LaunchScreen.storyboard in Resources */ = {isa = PBXBuildFile; fileRef = AF79C02B25F3401D004213FE /* LaunchScreen.storyboard */; };
		AF79C03725F34117004213FE /* Login.swift in Sources */ = {isa = PBXBuildFile; fileRef = AF79C03625F34117004213FE /* Login.swift */; };
		AF79C03B25F3449E004213FE /* Respuesta.swift in Sources */ = {isa = PBXBuildFile; fileRef = AF79C03A25F3449E004213FE /* Respuesta.swift */; };
/* End PBXBuildFile section */

/* Begin PBXFileReference section */
		AF79C01D25F3401B004213FE /* PostApi.app */ = {isa = PBXFileReference; explicitFileType = wrapper.application; includeInIndex = 0; path = PostApi.app; sourceTree = BUILT_PRODUCTS_DIR; };
		AF79C02025F3401B004213FE /* AppDelegate.swift */ = {isa = PBXFileReference; lastKnownFileType = sourcecode.swift; path = AppDelegate.swift; sourceTree = "<group>"; };
		AF79C02225F3401B004213FE /* SceneDelegate.swift */ = {isa = PBXFileReference; lastKnownFileType = sourcecode.swift; path = SceneDelegate.swift; sourceTree = "<group>"; };
		AF79C02425F3401B004213FE /* ContentView.swift */ = {isa = PBXFileReference; lastKnownFileType = sourcecode.swift; path = ContentView.swift; sourceTree = "<group>"; };
		AF79C02625F3401D004213FE /* Assets.xcassets */ = {isa = PBXFileReference; lastKnownFileType = folder.assetcatalog; path = Assets.xcassets; sourceTree = "<group>"; };
		AF79C02925F3401D004213FE /* Preview Assets.xcassets */ = {isa = PBXFileReference; lastKnownFileType = folder.assetcatalog; path = "Preview Assets.xcassets"; sourceTree = "<group>"; };
		AF79C02C25F3401D004213FE /* Base */ = {isa = PBXFileReference; lastKnownFileType = file.storyboard; name = Base; path = Base.lproj/LaunchScreen.storyboard; sourceTree = "<group>"; };
		AF79C02E25F3401D004213FE /* Info.plist */ = {isa = PBXFileReference; lastKnownFileType = text.plist.xml; path = Info.plist; sourceTree = "<group>"; };
		AF79C03625F34117004213FE /* Login.swift */ = {isa = PBXFileReference; lastKnownFileType = sourcecode.swift; path = Login.swift; sourceTree = "<group>"; };
		AF79C03A25F3449E004213FE /* Respuesta.swift */ = {isa = PBXFileReference; lastKnownFileType = sourcecode.swift; path = Respuesta.swift; sourceTree = "<group>"; };
/* End PBXFileReference section */

/* Begin PBXFrameworksBuildPhase section */
		AF79C01A25F3401B004213FE /* Frameworks */ = {
			isa = PBXFrameworksBuildPhase;
			buildActionMask = 2147483647;
			files = (
			);
			runOnlyForDeploymentPostprocessing = 0;
		};
/* End PBXFrameworksBuildPhase section */

/* Begin PBXGroup section */
		AF79C01425F3401B004213FE = {
			isa = PBXGroup;
			children = (
				AF79C01F25F3401B004213FE /* PostApi */,
				AF79C01E25F3401B004213FE /* Products */,
			);
			sourceTree = "<group>";
		};
		AF79C01E25F3401B004213FE /* Products */ = {
			isa = PBXGroup;
			children = (
				AF79C01D25F3401B004213FE /* PostApi.app */,
			);
			name = Products;
			sourceTree = "<group>";
		};
		AF79C01F25F3401B004213FE /* PostApi */ = {
			isa = PBXGroup;
			children = (
				AF79C03525F340FD004213FE /* Api */,
				AF79C02025F3401B004213FE /* AppDelegate.swift */,
				AF79C02225F3401B004213FE /* SceneDelegate.swift */,
				AF79C02425F3401B004213FE /* ContentView.swift */,
				AF79C02625F3401D004213FE /* Assets.xcassets */,
				AF79C02B25F3401D004213FE /* LaunchScreen.storyboard */,
				AF79C02E25F3401D004213FE /* Info.plist */,
				AF79C02825F3401D004213FE /* Preview Content */,
			);
			path = PostApi;
			sourceTree = "<group>";
		};
		AF79C02825F3401D004213FE /* Preview Content */ = {
			isa = PBXGroup;
			children = (
				AF79C02925F3401D004213FE /* Preview Assets.xcassets */,
			);
			path = "Preview Content";
			sourceTree = "<group>";
		};
		AF79C03525F340FD004213FE /* Api */ = {
			isa = PBXGroup;
			children = (
				AF79C03625F34117004213FE /* Login.swift */,
				AF79C03A25F3449E004213FE /* Respuesta.swift */,
			);
			path = Api;
			sourceTree = "<group>";
		};
/* End PBXGroup section */

/* Begin PBXNativeTarget section */
		AF79C01C25F3401B004213FE /* PostApi */ = {
			isa = PBXNativeTarget;
			buildConfigurationList = AF79C03125F3401D004213FE /* Build configuration list for PBXNativeTarget "PostApi" */;
			buildPhases = (
				AF79C01925F3401B004213FE /* Sources */,
				AF79C01A25F3401B004213FE /* Frameworks */,
				AF79C01B25F3401B004213FE /* Resources */,
			);
			buildRules = (
			);
			dependencies = (
			);
			name = PostApi;
			productName = PostApi;
			productReference = AF79C01D25F3401B004213FE /* PostApi.app */;
			productType = "com.apple.product-type.application";
		};
/* End PBXNativeTarget section */

/* Begin PBXProject section */
		AF79C01525F3401B004213FE /* Project object */ = {
			isa = PBXProject;
			attributes = {
				LastSwiftUpdateCheck = 1230;
				LastUpgradeCheck = 1230;
				TargetAttributes = {
					AF79C01C25F3401B004213FE = {
						CreatedOnToolsVersion = 12.3;
					};
				};
			};
			buildConfigurationList = AF79C01825F3401B004213FE /* Build configuration list for PBXProject "PostApi" */;
			compatibilityVersion = "Xcode 9.3";
			developmentRegion = en;
			hasScannedForEncodings = 0;
			knownRegions = (
				en,
				Base,
			);
			mainGroup = AF79C01425F3401B004213FE;
			productRefGroup = AF79C01E25F3401B004213FE /* Products */;
			projectDirPath = "";
			projectRoot = "";
			targets = (
				AF79C01C25F3401B004213FE /* PostApi */,
			);
		};
/* End PBXProject section */

/* Begin PBXResourcesBuildPhase section */
		AF79C01B25F3401B004213FE /* Resources */ = {
			isa = PBXResourcesBuildPhase;
			buildActionMask = 2147483647;
			files = (
				AF79C02D25F3401D004213FE /* LaunchScreen.storyboard in Resources */,
				AF79C02A25F3401D004213FE /* Preview Assets.xcassets in Resources */,
				AF79C02725F3401D004213FE /* Assets.xcassets in Resources */,
			);
			runOnlyForDeploymentPostprocessing = 0;
		};
/* End PBXResourcesBuildPhase section */

/* Begin PBXSourcesBuildPhase section */
		AF79C01925F3401B004213FE /* Sources */ = {
			isa = PBXSourcesBuildPhase;
			buildActionMask = 2147483647;
			files = (
				AF79C02125F3401B004213FE /* AppDelegate.swift in Sources */,
				AF79C02325F3401B004213FE /* SceneDelegate.swift in Sources */,
				AF79C03B25F3449E004213FE /* Respuesta.swift in Sources */,
				AF79C02525F3401B004213FE /* ContentView.swift in Sources */,
				AF79C03725F34117004213FE /* Login.swift in Sources */,
			);
			runOnlyForDeploymentPostprocessing = 0;
		};
/* End PBXSourcesBuildPhase section */

/* Begin PBXVariantGroup section */
		AF79C02B25F3401D004213FE /* LaunchScreen.storyboard */ = {
			isa = PBXVariantGroup;
			children = (
				AF79C02C25F3401D004213FE /* Base */,
			);
			name = LaunchScreen.storyboard;
			sourceTree = "<group>";
		};
/* End PBXVariantGroup section */

/* Begin XCBuildConfiguration section */
		AF79C02F25F3401D004213FE /* Debug */ = {
			isa = XCBuildConfiguration;
			buildSettings = {
				ALWAYS_SEARCH_USER_PATHS = NO;
				CLANG_ANALYZER_NONNULL = YES;
				CLANG_ANALYZER_NUMBER_OBJECT_CONVERSION = YES_AGGRESSIVE;
				CLANG_CXX_LANGUAGE_STANDARD = "gnu++14";
				CLANG_CXX_LIBRARY = "libc++";
				CLANG_ENABLE_MODULES = YES;
				CLANG_ENABLE_OBJC_ARC = YES;
				CLANG_ENABLE_OBJC_WEAK = YES;
				CLANG_WARN_BLOCK_CAPTURE_AUTORELEASING = YES;
				CLANG_WARN_BOOL_CONVERSION = YES;
				CLANG_WARN_COMMA = YES;
				CLANG_WARN_CONSTANT_CONVERSION = YES;
				CLANG_WARN_DEPRECATED_OBJC_IMPLEMENTATIONS = YES;
				CLANG_WARN_DIRECT_OBJC_ISA_USAGE = YES_ERROR;
				CLANG_WARN_DOCUMENTATION_COMMENTS = YES;
				CLANG_WARN_EMPTY_BODY = YES;
				CLANG_WARN_ENUM_CONVERSION = YES;
				CLANG_WARN_INFINITE_RECURSION = YES;
				CLANG_WARN_INT_CONVERSION = YES;
				CLANG_WARN_NON_LITERAL_NULL_CONVERSION = YES;
				CLANG_WARN_OBJC_IMPLICIT_RETAIN_SELF = YES;
				CLANG_WARN_OBJC_LITERAL_CONVERSION = YES;
				CLANG_WARN_OBJC_ROOT_CLASS = YES_ERROR;
				CLANG_WARN_QUOTED_INCLUDE_IN_FRAMEWORK_HEADER = YES;
				CLANG_WARN_RANGE_LOOP_ANALYSIS = YES;
				CLANG_WARN_STRICT_PROTOTYPES = YES;
				CLANG_WARN_SUSPICIOUS_MOVE = YES;
				CLANG_WARN_UNGUARDED_AVAILABILITY = YES_AGGRESSIVE;
				CLANG_WARN_UNREACHABLE_CODE = YES;
				CLANG_WARN__DUPLICATE_METHOD_MATCH = YES;
				COPY_PHASE_STRIP = NO;
				DEBUG_INFORMATION_FORMAT = dwarf;
				ENABLE_STRICT_OBJC_MSGSEND = YES;
				ENABLE_TESTABILITY = YES;
				GCC_C_LANGUAGE_STANDARD = gnu11;
				GCC_DYNAMIC_NO_PIC = NO;
				GCC_NO_COMMON_BLOCKS = YES;
				GCC_OPTIMIZATION_LEVEL = 0;
				GCC_PREPROCESSOR_DEFINITIONS = (
					"DEBUG=1",
					"$(inherited)",
				);
				GCC_WARN_64_TO_32_BIT_CONVERSION = YES;
				GCC_WARN_ABOUT_RETURN_TYPE = YES_ERROR;
				GCC_WARN_UNDECLARED_SELECTOR = YES;
				GCC_WARN_UNINITIALIZED_AUTOS = YES_AGGRESSIVE;
				GCC_WARN_UNUSED_FUNCTION = YES;
				GCC_WARN_UNUSED_VARIABLE = YES;
				IPHONEOS_DEPLOYMENT_TARGET = 14.3;
				MTL_ENABLE_DEBUG_INFO = INCLUDE_SOURCE;
				MTL_FAST_MATH = YES;
				ONLY_ACTIVE_ARCH = YES;
				SDKROOT = iphoneos;
				SWIFT_ACTIVE_COMPILATION_CONDITIONS = DEBUG;
				SWIFT_OPTIMIZATION_LEVEL = "-Onone";
			};
			name = Debug;
		};
		AF79C03025F3401D004213FE /* Release */ = {
			isa = XCBuildConfiguration;
			buildSettings = {
				ALWAYS_SEARCH_USER_PATHS = NO;
				CLANG_ANALYZER_NONNULL = YES;
				CLANG_ANALYZER_NUMBER_OBJECT_CONVERSION = YES_AGGRESSIVE;
				CLANG_CXX_LANGUAGE_STANDARD = "gnu++14";
				CLANG_CXX_LIBRARY = "libc++";
				CLANG_ENABLE_MODULES = YES;
				CLANG_ENABLE_OBJC_ARC = YES;
				CLANG_ENABLE_OBJC_WEAK = YES;
				CLANG_WARN_BLOCK_CAPTURE_AUTORELEASING = YES;
				CLANG_WARN_BOOL_CONVERSION = YES;
				CLANG_WARN_COMMA = YES;
				CLANG_WARN_CONSTANT_CONVERSION = YES;
				CLANG_WARN_DEPRECATED_OBJC_IMPLEMENTATIONS = YES;
				CLANG_WARN_DIRECT_OBJC_ISA_USAGE = YES_ERROR;
				CLANG_WARN_DOCUMENTATION_COMMENTS = YES;
				CLANG_WARN_EMPTY_BODY = YES;
				CLANG_WARN_ENUM_CONVERSION = YES;
				CLANG_WARN_INFINITE_RECURSION = YES;
				CLANG_WARN_INT_CONVERSION = YES;
				CLANG_WARN_NON_LITERAL_NULL_CONVERSION = YES;
				CLANG_WARN_OBJC_IMPLICIT_RETAIN_SELF = YES;
				CLANG_WARN_OBJC_LITERAL_CONVERSION = YES;
				CLANG_WARN_OBJC_ROOT_CLASS = YES_ERROR;
				CLANG_WARN_QUOTED_INCLUDE_IN_FRAMEWORK_HEADER = YES;
				CLANG_WARN_RANGE_LOOP_ANALYSIS = YES;
				CLANG_WARN_STRICT_PROTOTYPES = YES;
				CLANG_WARN_SUSPICIOUS_MOVE = YES;
				CLANG_WARN_UNGUARDED_AVAILABILITY = YES_AGGRESSIVE;
				CLANG_WARN_UNREACHABLE_CODE = YES;
				CLANG_WARN__DUPLICATE_METHOD_MATCH = YES;
				COPY_PHASE_STRIP = NO;
				DEBUG_INFORMATION_FORMAT = "dwarf-with-dsym";
				ENABLE_NS_ASSERTIONS = NO;
				ENABLE_STRICT_OBJC_MSGSEND = YES;
				GCC_C_LANGUAGE_STANDARD = gnu11;
				GCC_NO_COMMON_BLOCKS = YES;
				GCC_WARN_64_TO_32_BIT_CONVERSION = YES;
				GCC_WARN_ABOUT_RETURN_TYPE = YES_ERROR;
				GCC_WARN_UNDECLARED_SELECTOR = YES;
				GCC_WARN_UNINITIALIZED_AUTOS = YES_AGGRESSIVE;
				GCC_WARN_UNUSED_FUNCTION = YES;
				GCC_WARN_UNUSED_VARIABLE = YES;
				IPHONEOS_DEPLOYMENT_TARGET = 14.3;
				MTL_ENABLE_DEBUG_INFO = NO;
				MTL_FAST_MATH = YES;
				SDKROOT = iphoneos;
				SWIFT_COMPILATION_MODE = wholemodule;
				SWIFT_OPTIMIZATION_LEVEL = "-O";
				VALIDATE_PRODUCT = YES;
			};
			name = Release;
		};
		AF79C03225F3401D004213FE /* Debug */ = {
			isa = XCBuildConfiguration;
			buildSettings = {
				ASSETCATALOG_COMPILER_APPICON_NAME = AppIcon;
				ASSETCATALOG_COMPILER_GLOBAL_ACCENT_COLOR_NAME = AccentColor;
				CODE_SIGN_STYLE = Automatic;
				DEVELOPMENT_ASSET_PATHS = "\"PostApi/Preview Content\"";
				DEVELOPMENT_TEAM = Z4GRA75UCL;
				ENABLE_PREVIEWS = YES;
				INFOPLIST_FILE = PostApi/Info.plist;
				LD_RUNPATH_SEARCH_PATHS = (
					"$(inherited)",
					"@executable_path/Frameworks",
				);
				PRODUCT_BUNDLE_IDENTIFIER = Dreamloading.PostApi;
				PRODUCT_NAME = "$(TARGET_NAME)";
				SWIFT_VERSION = 5.0;
				TARGETED_DEVICE_FAMILY = "1,2";
			};
			name = Debug;
		};
		AF79C03325F3401D004213FE /* Release */ = {
			isa = XCBuildConfiguration;
			buildSettings = {
				ASSETCATALOG_COMPILER_APPICON_NAME = AppIcon;
				ASSETCATALOG_COMPILER_GLOBAL_ACCENT_COLOR_NAME = AccentColor;
				CODE_SIGN_STYLE = Automatic;
				DEVELOPMENT_ASSET_PATHS = "\"PostApi/Preview Content\"";
				DEVELOPMENT_TEAM = Z4GRA75UCL;
				ENABLE_PREVIEWS = YES;
				INFOPLIST_FILE = PostApi/Info.plist;
				LD_RUNPATH_SEARCH_PATHS = (
					"$(inherited)",
					"@executable_path/Frameworks",
				);
				PRODUCT_BUNDLE_IDENTIFIER = Dreamloading.PostApi;
				PRODUCT_NAME = "$(TARGET_NAME)";
				SWIFT_VERSION = 5.0;
				TARGETED_DEVICE_FAMILY = "1,2";
			};
			name = Release;
		};
/* End XCBuildConfiguration section */

/* Begin XCConfigurationList section */
		AF79C01825F3401B004213FE /* Build configuration list for PBXProject "PostApi" */ = {
			isa = XCConfigurationList;
			buildConfigurations = (
				AF79C02F25F3401D004213FE /* Debug */,
				AF79C03025F3401D004213FE /* Release */,
			);
			defaultConfigurationIsVisible = 0;
			defaultConfigurationName = Release;
		};
		AF79C03125F3401D004213FE /* Build configuration list for PBXNativeTarget "PostApi" */ = {
			isa = XCConfigurationList;
			buildConfigurations = (
				AF79C03225F3401D004213FE /* Debug */,
				AF79C03325F3401D004213FE /* Release */,
			);
			defaultConfigurationIsVisible = 0;
			defaultConfigurationName = Release;
		};
/* End XCConfigurationList section */
	};
	rootObject = AF79C01525F3401B004213FE /* Project object */;
}
