// !$*UTF8*$!
{
	archiveVersion = 1;
	classes = {
	};
	objectVersion = 50;
	objects = {

/* Begin PBXBuildFile section */
		1876CCE626547363008F60B1 /* AppDelegate.swift in Sources */ = {isa = PBXBuildFile; fileRef = 1876CCE526547363008F60B1 /* AppDelegate.swift */; };
		1876CCE826547363008F60B1 /* SceneDelegate.swift in Sources */ = {isa = PBXBuildFile; fileRef = 1876CCE726547363008F60B1 /* SceneDelegate.swift */; };
		1876CCEA26547363008F60B1 /* ContentView.swift in Sources */ = {isa = PBXBuildFile; fileRef = 1876CCE926547363008F60B1 /* ContentView.swift */; };
		1876CCEC26547365008F60B1 /* Assets.xcassets in Resources */ = {isa = PBXBuildFile; fileRef = 1876CCEB26547365008F60B1 /* Assets.xcassets */; };
		1876CCEF26547365008F60B1 /* Preview Assets.xcassets in Resources */ = {isa = PBXBuildFile; fileRef = 1876CCEE26547365008F60B1 /* Preview Assets.xcassets */; };
		1876CCF226547365008F60B1 /* LaunchScreen.storyboard in Resources */ = {isa = PBXBuildFile; fileRef = 1876CCF026547365008F60B1 /* LaunchScreen.storyboard */; };
		1876CCFC26547443008F60B1 /* Basico.swift in Sources */ = {isa = PBXBuildFile; fileRef = 1876CCFB26547443008F60B1 /* Basico.swift */; };
		1876CD002654744E008F60B1 /* Transformaciones.swift in Sources */ = {isa = PBXBuildFile; fileRef = 1876CCFF2654744E008F60B1 /* Transformaciones.swift */; };
		1876CD0326547460008F60B1 /* Escala.swift in Sources */ = {isa = PBXBuildFile; fileRef = 1876CD0226547460008F60B1 /* Escala.swift */; };
		1876CD0726547C7D008F60B1 /* Info.swift in Sources */ = {isa = PBXBuildFile; fileRef = 1876CD0626547C7D008F60B1 /* Info.swift */; };
/* End PBXBuildFile section */

/* Begin PBXFileReference section */
		1876CCE226547363008F60B1 /* Animaciones.app */ = {isa = PBXFileReference; explicitFileType = wrapper.application; includeInIndex = 0; path = Animaciones.app; sourceTree = BUILT_PRODUCTS_DIR; };
		1876CCE526547363008F60B1 /* AppDelegate.swift */ = {isa = PBXFileReference; lastKnownFileType = sourcecode.swift; path = AppDelegate.swift; sourceTree = "<group>"; };
		1876CCE726547363008F60B1 /* SceneDelegate.swift */ = {isa = PBXFileReference; lastKnownFileType = sourcecode.swift; path = SceneDelegate.swift; sourceTree = "<group>"; };
		1876CCE926547363008F60B1 /* ContentView.swift */ = {isa = PBXFileReference; lastKnownFileType = sourcecode.swift; path = ContentView.swift; sourceTree = "<group>"; };
		1876CCEB26547365008F60B1 /* Assets.xcassets */ = {isa = PBXFileReference; lastKnownFileType = folder.assetcatalog; path = Assets.xcassets; sourceTree = "<group>"; };
		1876CCEE26547365008F60B1 /* Preview Assets.xcassets */ = {isa = PBXFileReference; lastKnownFileType = folder.assetcatalog; path = "Preview Assets.xcassets"; sourceTree = "<group>"; };
		1876CCF126547365008F60B1 /* Base */ = {isa = PBXFileReference; lastKnownFileType = file.storyboard; name = Base; path = Base.lproj/LaunchScreen.storyboard; sourceTree = "<group>"; };
		1876CCF326547365008F60B1 /* Info.plist */ = {isa = PBXFileReference; lastKnownFileType = text.plist.xml; path = Info.plist; sourceTree = "<group>"; };
		1876CCFB26547443008F60B1 /* Basico.swift */ = {isa = PBXFileReference; lastKnownFileType = sourcecode.swift; path = Basico.swift; sourceTree = "<group>"; };
		1876CCFF2654744E008F60B1 /* Transformaciones.swift */ = {isa = PBXFileReference; lastKnownFileType = sourcecode.swift; path = Transformaciones.swift; sourceTree = "<group>"; };
		1876CD0226547460008F60B1 /* Escala.swift */ = {isa = PBXFileReference; lastKnownFileType = sourcecode.swift; path = Escala.swift; sourceTree = "<group>"; };
		1876CD0626547C7D008F60B1 /* Info.swift */ = {isa = PBXFileReference; lastKnownFileType = sourcecode.swift; path = Info.swift; sourceTree = "<group>"; };
/* End PBXFileReference section */

/* Begin PBXFrameworksBuildPhase section */
		1876CCDF26547363008F60B1 /* Frameworks */ = {
			isa = PBXFrameworksBuildPhase;
			buildActionMask = 2147483647;
			files = (
			);
			runOnlyForDeploymentPostprocessing = 0;
		};
/* End PBXFrameworksBuildPhase section */

/* Begin PBXGroup section */
		1876CCD926547363008F60B1 = {
			isa = PBXGroup;
			children = (
				1876CCE426547363008F60B1 /* Animaciones */,
				1876CCE326547363008F60B1 /* Products */,
			);
			sourceTree = "<group>";
		};
		1876CCE326547363008F60B1 /* Products */ = {
			isa = PBXGroup;
			children = (
				1876CCE226547363008F60B1 /* Animaciones.app */,
			);
			name = Products;
			sourceTree = "<group>";
		};
		1876CCE426547363008F60B1 /* Animaciones */ = {
			isa = PBXGroup;
			children = (
				1876CCFA26547438008F60B1 /* Vistas */,
				1876CCE526547363008F60B1 /* AppDelegate.swift */,
				1876CCE726547363008F60B1 /* SceneDelegate.swift */,
				1876CCE926547363008F60B1 /* ContentView.swift */,
				1876CCEB26547365008F60B1 /* Assets.xcassets */,
				1876CCF026547365008F60B1 /* LaunchScreen.storyboard */,
				1876CCF326547365008F60B1 /* Info.plist */,
				1876CCED26547365008F60B1 /* Preview Content */,
			);
			path = Animaciones;
			sourceTree = "<group>";
		};
		1876CCED26547365008F60B1 /* Preview Content */ = {
			isa = PBXGroup;
			children = (
				1876CCEE26547365008F60B1 /* Preview Assets.xcassets */,
			);
			path = "Preview Content";
			sourceTree = "<group>";
		};
		1876CCFA26547438008F60B1 /* Vistas */ = {
			isa = PBXGroup;
			children = (
				1876CCFB26547443008F60B1 /* Basico.swift */,
				1876CCFF2654744E008F60B1 /* Transformaciones.swift */,
				1876CD0226547460008F60B1 /* Escala.swift */,
				1876CD0626547C7D008F60B1 /* Info.swift */,
			);
			path = Vistas;
			sourceTree = "<group>";
		};
/* End PBXGroup section */

/* Begin PBXNativeTarget section */
		1876CCE126547363008F60B1 /* Animaciones */ = {
			isa = PBXNativeTarget;
			buildConfigurationList = 1876CCF626547365008F60B1 /* Build configuration list for PBXNativeTarget "Animaciones" */;
			buildPhases = (
				1876CCDE26547363008F60B1 /* Sources */,
				1876CCDF26547363008F60B1 /* Frameworks */,
				1876CCE026547363008F60B1 /* Resources */,
			);
			buildRules = (
			);
			dependencies = (
			);
			name = Animaciones;
			productName = Animaciones;
			productReference = 1876CCE226547363008F60B1 /* Animaciones.app */;
			productType = "com.apple.product-type.application";
		};
/* End PBXNativeTarget section */

/* Begin PBXProject section */
		1876CCDA26547363008F60B1 /* Project object */ = {
			isa = PBXProject;
			attributes = {
				LastSwiftUpdateCheck = 1230;
				LastUpgradeCheck = 1230;
				TargetAttributes = {
					1876CCE126547363008F60B1 = {
						CreatedOnToolsVersion = 12.3;
					};
				};
			};
			buildConfigurationList = 1876CCDD26547363008F60B1 /* Build configuration list for PBXProject "Animaciones" */;
			compatibilityVersion = "Xcode 9.3";
			developmentRegion = en;
			hasScannedForEncodings = 0;
			knownRegions = (
				en,
				Base,
			);
			mainGroup = 1876CCD926547363008F60B1;
			productRefGroup = 1876CCE326547363008F60B1 /* Products */;
			projectDirPath = "";
			projectRoot = "";
			targets = (
				1876CCE126547363008F60B1 /* Animaciones */,
			);
		};
/* End PBXProject section */

/* Begin PBXResourcesBuildPhase section */
		1876CCE026547363008F60B1 /* Resources */ = {
			isa = PBXResourcesBuildPhase;
			buildActionMask = 2147483647;
			files = (
				1876CCF226547365008F60B1 /* LaunchScreen.storyboard in Resources */,
				1876CCEF26547365008F60B1 /* Preview Assets.xcassets in Resources */,
				1876CCEC26547365008F60B1 /* Assets.xcassets in Resources */,
			);
			runOnlyForDeploymentPostprocessing = 0;
		};
/* End PBXResourcesBuildPhase section */

/* Begin PBXSourcesBuildPhase section */
		1876CCDE26547363008F60B1 /* Sources */ = {
			isa = PBXSourcesBuildPhase;
			buildActionMask = 2147483647;
			files = (
				1876CD0326547460008F60B1 /* Escala.swift in Sources */,
				1876CCFC26547443008F60B1 /* Basico.swift in Sources */,
				1876CD002654744E008F60B1 /* Transformaciones.swift in Sources */,
				1876CCE626547363008F60B1 /* AppDelegate.swift in Sources */,
				1876CCE826547363008F60B1 /* SceneDelegate.swift in Sources */,
				1876CCEA26547363008F60B1 /* ContentView.swift in Sources */,
				1876CD0726547C7D008F60B1 /* Info.swift in Sources */,
			);
			runOnlyForDeploymentPostprocessing = 0;
		};
/* End PBXSourcesBuildPhase section */

/* Begin PBXVariantGroup section */
		1876CCF026547365008F60B1 /* LaunchScreen.storyboard */ = {
			isa = PBXVariantGroup;
			children = (
				1876CCF126547365008F60B1 /* Base */,
			);
			name = LaunchScreen.storyboard;
			sourceTree = "<group>";
		};
/* End PBXVariantGroup section */

/* Begin XCBuildConfiguration section */
		1876CCF426547365008F60B1 /* Debug */ = {
			isa = XCBuildConfiguration;
			buildSettings = {
				ALWAYS_SEARCH_USER_PATHS = NO;
				CLANG_ANALYZER_NONNULL = YES;
				CLANG_ANALYZER_NUMBER_OBJECT_CONVERSION = YES_AGGRESSIVE;
				CLANG_CXX_LANGUAGE_STANDARD = "gnu++14";
				CLANG_CXX_LIBRARY = "libc++";
				CLANG_ENABLE_MODULES = YES;
				CLANG_ENABLE_OBJC_ARC = YES;
				CLANG_ENABLE_OBJC_WEAK = YES;
				CLANG_WARN_BLOCK_CAPTURE_AUTORELEASING = YES;
				CLANG_WARN_BOOL_CONVERSION = YES;
				CLANG_WARN_COMMA = YES;
				CLANG_WARN_CONSTANT_CONVERSION = YES;
				CLANG_WARN_DEPRECATED_OBJC_IMPLEMENTATIONS = YES;
				CLANG_WARN_DIRECT_OBJC_ISA_USAGE = YES_ERROR;
				CLANG_WARN_DOCUMENTATION_COMMENTS = YES;
				CLANG_WARN_EMPTY_BODY = YES;
				CLANG_WARN_ENUM_CONVERSION = YES;
				CLANG_WARN_INFINITE_RECURSION = YES;
				CLANG_WARN_INT_CONVERSION = YES;
				CLANG_WARN_NON_LITERAL_NULL_CONVERSION = YES;
				CLANG_WARN_OBJC_IMPLICIT_RETAIN_SELF = YES;
				CLANG_WARN_OBJC_LITERAL_CONVERSION = YES;
				CLANG_WARN_OBJC_ROOT_CLASS = YES_ERROR;
				CLANG_WARN_QUOTED_INCLUDE_IN_FRAMEWORK_HEADER = YES;
				CLANG_WARN_RANGE_LOOP_ANALYSIS = YES;
				CLANG_WARN_STRICT_PROTOTYPES = YES;
				CLANG_WARN_SUSPICIOUS_MOVE = YES;
				CLANG_WARN_UNGUARDED_AVAILABILITY = YES_AGGRESSIVE;
				CLANG_WARN_UNREACHABLE_CODE = YES;
				CLANG_WARN__DUPLICATE_METHOD_MATCH = YES;
				COPY_PHASE_STRIP = NO;
				DEBUG_INFORMATION_FORMAT = dwarf;
				ENABLE_STRICT_OBJC_MSGSEND = YES;
				ENABLE_TESTABILITY = YES;
				GCC_C_LANGUAGE_STANDARD = gnu11;
				GCC_DYNAMIC_NO_PIC = NO;
				GCC_NO_COMMON_BLOCKS = YES;
				GCC_OPTIMIZATION_LEVEL = 0;
				GCC_PREPROCESSOR_DEFINITIONS = (
					"DEBUG=1",
					"$(inherited)",
				);
				GCC_WARN_64_TO_32_BIT_CONVERSION = YES;
				GCC_WARN_ABOUT_RETURN_TYPE = YES_ERROR;
				GCC_WARN_UNDECLARED_SELECTOR = YES;
				GCC_WARN_UNINITIALIZED_AUTOS = YES_AGGRESSIVE;
				GCC_WARN_UNUSED_FUNCTION = YES;
				GCC_WARN_UNUSED_VARIABLE = YES;
				IPHONEOS_DEPLOYMENT_TARGET = 14.3;
				MTL_ENABLE_DEBUG_INFO = INCLUDE_SOURCE;
				MTL_FAST_MATH = YES;
				ONLY_ACTIVE_ARCH = YES;
				SDKROOT = iphoneos;
				SWIFT_ACTIVE_COMPILATION_CONDITIONS = DEBUG;
				SWIFT_OPTIMIZATION_LEVEL = "-Onone";
			};
			name = Debug;
		};
		1876CCF526547365008F60B1 /* Release */ = {
			isa = XCBuildConfiguration;
			buildSettings = {
				ALWAYS_SEARCH_USER_PATHS = NO;
				CLANG_ANALYZER_NONNULL = YES;
				CLANG_ANALYZER_NUMBER_OBJECT_CONVERSION = YES_AGGRESSIVE;
				CLANG_CXX_LANGUAGE_STANDARD = "gnu++14";
				CLANG_CXX_LIBRARY = "libc++";
				CLANG_ENABLE_MODULES = YES;
				CLANG_ENABLE_OBJC_ARC = YES;
				CLANG_ENABLE_OBJC_WEAK = YES;
				CLANG_WARN_BLOCK_CAPTURE_AUTORELEASING = YES;
				CLANG_WARN_BOOL_CONVERSION = YES;
				CLANG_WARN_COMMA = YES;
				CLANG_WARN_CONSTANT_CONVERSION = YES;
				CLANG_WARN_DEPRECATED_OBJC_IMPLEMENTATIONS = YES;
				CLANG_WARN_DIRECT_OBJC_ISA_USAGE = YES_ERROR;
				CLANG_WARN_DOCUMENTATION_COMMENTS = YES;
				CLANG_WARN_EMPTY_BODY = YES;
				CLANG_WARN_ENUM_CONVERSION = YES;
				CLANG_WARN_INFINITE_RECURSION = YES;
				CLANG_WARN_INT_CONVERSION = YES;
				CLANG_WARN_NON_LITERAL_NULL_CONVERSION = YES;
				CLANG_WARN_OBJC_IMPLICIT_RETAIN_SELF = YES;
				CLANG_WARN_OBJC_LITERAL_CONVERSION = YES;
				CLANG_WARN_OBJC_ROOT_CLASS = YES_ERROR;
				CLANG_WARN_QUOTED_INCLUDE_IN_FRAMEWORK_HEADER = YES;
				CLANG_WARN_RANGE_LOOP_ANALYSIS = YES;
				CLANG_WARN_STRICT_PROTOTYPES = YES;
				CLANG_WARN_SUSPICIOUS_MOVE = YES;
				CLANG_WARN_UNGUARDED_AVAILABILITY = YES_AGGRESSIVE;
				CLANG_WARN_UNREACHABLE_CODE = YES;
				CLANG_WARN__DUPLICATE_METHOD_MATCH = YES;
				COPY_PHASE_STRIP = NO;
				DEBUG_INFORMATION_FORMAT = "dwarf-with-dsym";
				ENABLE_NS_ASSERTIONS = NO;
				ENABLE_STRICT_OBJC_MSGSEND = YES;
				GCC_C_LANGUAGE_STANDARD = gnu11;
				GCC_NO_COMMON_BLOCKS = YES;
				GCC_WARN_64_TO_32_BIT_CONVERSION = YES;
				GCC_WARN_ABOUT_RETURN_TYPE = YES_ERROR;
				GCC_WARN_UNDECLARED_SELECTOR = YES;
				GCC_WARN_UNINITIALIZED_AUTOS = YES_AGGRESSIVE;
				GCC_WARN_UNUSED_FUNCTION = YES;
				GCC_WARN_UNUSED_VARIABLE = YES;
				IPHONEOS_DEPLOYMENT_TARGET = 14.3;
				MTL_ENABLE_DEBUG_INFO = NO;
				MTL_FAST_MATH = YES;
				SDKROOT = iphoneos;
				SWIFT_COMPILATION_MODE = wholemodule;
				SWIFT_OPTIMIZATION_LEVEL = "-O";
				VALIDATE_PRODUCT = YES;
			};
			name = Release;
		};
		1876CCF726547365008F60B1 /* Debug */ = {
			isa = XCBuildConfiguration;
			buildSettings = {
				ASSETCATALOG_COMPILER_APPICON_NAME = AppIcon;
				ASSETCATALOG_COMPILER_GLOBAL_ACCENT_COLOR_NAME = AccentColor;
				CODE_SIGN_STYLE = Automatic;
				DEVELOPMENT_ASSET_PATHS = "\"Animaciones/Preview Content\"";
				DEVELOPMENT_TEAM = HV3A3PD47U;
				ENABLE_PREVIEWS = YES;
				INFOPLIST_FILE = Animaciones/Info.plist;
				IPHONEOS_DEPLOYMENT_TARGET = 13.1;
				LD_RUNPATH_SEARCH_PATHS = (
					"$(inherited)",
					"@executable_path/Frameworks",
				);
				PRODUCT_BUNDLE_IDENTIFIER = com.valid.FirebaseSwiftUI.Animaciones;
				PRODUCT_NAME = "$(TARGET_NAME)";
				SWIFT_VERSION = 5.0;
				TARGETED_DEVICE_FAMILY = "1,2";
			};
			name = Debug;
		};
		1876CCF826547365008F60B1 /* Release */ = {
			isa = XCBuildConfiguration;
			buildSettings = {
				ASSETCATALOG_COMPILER_APPICON_NAME = AppIcon;
				ASSETCATALOG_COMPILER_GLOBAL_ACCENT_COLOR_NAME = AccentColor;
				CODE_SIGN_STYLE = Automatic;
				DEVELOPMENT_ASSET_PATHS = "\"Animaciones/Preview Content\"";
				DEVELOPMENT_TEAM = HV3A3PD47U;
				ENABLE_PREVIEWS = YES;
				INFOPLIST_FILE = Animaciones/Info.plist;
				IPHONEOS_DEPLOYMENT_TARGET = 13.1;
				LD_RUNPATH_SEARCH_PATHS = (
					"$(inherited)",
					"@executable_path/Frameworks",
				);
				PRODUCT_BUNDLE_IDENTIFIER = com.valid.FirebaseSwiftUI.Animaciones;
				PRODUCT_NAME = "$(TARGET_NAME)";
				SWIFT_VERSION = 5.0;
				TARGETED_DEVICE_FAMILY = "1,2";
			};
			name = Release;
		};
/* End XCBuildConfiguration section */

/* Begin XCConfigurationList section */
		1876CCDD26547363008F60B1 /* Build configuration list for PBXProject "Animaciones" */ = {
			isa = XCConfigurationList;
			buildConfigurations = (
				1876CCF426547365008F60B1 /* Debug */,
				1876CCF526547365008F60B1 /* Release */,
			);
			defaultConfigurationIsVisible = 0;
			defaultConfigurationName = Release;
		};
		1876CCF626547365008F60B1 /* Build configuration list for PBXNativeTarget "Animaciones" */ = {
			isa = XCConfigurationList;
			buildConfigurations = (
				1876CCF726547365008F60B1 /* Debug */,
				1876CCF826547365008F60B1 /* Release */,
			);
			defaultConfigurationIsVisible = 0;
			defaultConfigurationName = Release;
		};
/* End XCConfigurationList section */
	};
	rootObject = 1876CCDA26547363008F60B1 /* Project object */;
}
