// !$*UTF8*$!
{
	archiveVersion = 1;
	classes = {
	};
	objectVersion = 50;
	objects = {

/* Begin PBXBuildFile section */
		182BDB292655CA1F005149BD /* AppDelegate.swift in Sources */ = {isa = PBXBuildFile; fileRef = 182BDB282655CA1F005149BD /* AppDelegate.swift */; };
		182BDB2B2655CA1F005149BD /* SceneDelegate.swift in Sources */ = {isa = PBXBuildFile; fileRef = 182BDB2A2655CA1F005149BD /* SceneDelegate.swift */; };
		182BDB2D2655CA1F005149BD /* ContentView.swift in Sources */ = {isa = PBXBuildFile; fileRef = 182BDB2C2655CA1F005149BD /* ContentView.swift */; };
		182BDB2F2655CA21005149BD /* Assets.xcassets in Resources */ = {isa = PBXBuildFile; fileRef = 182BDB2E2655CA21005149BD /* Assets.xcassets */; };
		182BDB322655CA21005149BD /* Preview Assets.xcassets in Resources */ = {isa = PBXBuildFile; fileRef = 182BDB312655CA21005149BD /* Preview Assets.xcassets */; };
		182BDB352655CA21005149BD /* LaunchScreen.storyboard in Resources */ = {isa = PBXBuildFile; fileRef = 182BDB332655CA21005149BD /* LaunchScreen.storyboard */; };
		182BDB3F2655CBBE005149BD /* Pagina1.swift in Sources */ = {isa = PBXBuildFile; fileRef = 182BDB3E2655CBBE005149BD /* Pagina1.swift */; };
		182BDB432655CBC9005149BD /* Pagina2.swift in Sources */ = {isa = PBXBuildFile; fileRef = 182BDB422655CBC9005149BD /* Pagina2.swift */; };
		182BDB462655CBD2005149BD /* Pagina3.swift in Sources */ = {isa = PBXBuildFile; fileRef = 182BDB452655CBD2005149BD /* Pagina3.swift */; };
		182BDB492655CBDF005149BD /* InicioView.swift in Sources */ = {isa = PBXBuildFile; fileRef = 182BDB482655CBDF005149BD /* InicioView.swift */; };
/* End PBXBuildFile section */

/* Begin PBXFileReference section */
		182BDB252655CA1F005149BD /* OnBoardingf.app */ = {isa = PBXFileReference; explicitFileType = wrapper.application; includeInIndex = 0; path = OnBoardingf.app; sourceTree = BUILT_PRODUCTS_DIR; };
		182BDB282655CA1F005149BD /* AppDelegate.swift */ = {isa = PBXFileReference; lastKnownFileType = sourcecode.swift; path = AppDelegate.swift; sourceTree = "<group>"; };
		182BDB2A2655CA1F005149BD /* SceneDelegate.swift */ = {isa = PBXFileReference; lastKnownFileType = sourcecode.swift; path = SceneDelegate.swift; sourceTree = "<group>"; };
		182BDB2C2655CA1F005149BD /* ContentView.swift */ = {isa = PBXFileReference; lastKnownFileType = sourcecode.swift; path = ContentView.swift; sourceTree = "<group>"; };
		182BDB2E2655CA21005149BD /* Assets.xcassets */ = {isa = PBXFileReference; lastKnownFileType = folder.assetcatalog; path = Assets.xcassets; sourceTree = "<group>"; };
		182BDB312655CA21005149BD /* Preview Assets.xcassets */ = {isa = PBXFileReference; lastKnownFileType = folder.assetcatalog; path = "Preview Assets.xcassets"; sourceTree = "<group>"; };
		182BDB342655CA21005149BD /* Base */ = {isa = PBXFileReference; lastKnownFileType = file.storyboard; name = Base; path = Base.lproj/LaunchScreen.storyboard; sourceTree = "<group>"; };
		182BDB362655CA21005149BD /* Info.plist */ = {isa = PBXFileReference; lastKnownFileType = text.plist.xml; path = Info.plist; sourceTree = "<group>"; };
		182BDB3E2655CBBE005149BD /* Pagina1.swift */ = {isa = PBXFileReference; lastKnownFileType = sourcecode.swift; path = Pagina1.swift; sourceTree = "<group>"; };
		182BDB422655CBC9005149BD /* Pagina2.swift */ = {isa = PBXFileReference; lastKnownFileType = sourcecode.swift; path = Pagina2.swift; sourceTree = "<group>"; };
		182BDB452655CBD2005149BD /* Pagina3.swift */ = {isa = PBXFileReference; lastKnownFileType = sourcecode.swift; path = Pagina3.swift; sourceTree = "<group>"; };
		182BDB482655CBDF005149BD /* InicioView.swift */ = {isa = PBXFileReference; lastKnownFileType = sourcecode.swift; path = InicioView.swift; sourceTree = "<group>"; };
/* End PBXFileReference section */

/* Begin PBXFrameworksBuildPhase section */
		182BDB222655CA1F005149BD /* Frameworks */ = {
			isa = PBXFrameworksBuildPhase;
			buildActionMask = 2147483647;
			files = (
			);
			runOnlyForDeploymentPostprocessing = 0;
		};
/* End PBXFrameworksBuildPhase section */

/* Begin PBXGroup section */
		182BDB1C2655CA1F005149BD = {
			isa = PBXGroup;
			children = (
				182BDB272655CA1F005149BD /* OnBoardingf */,
				182BDB262655CA1F005149BD /* Products */,
			);
			sourceTree = "<group>";
		};
		182BDB262655CA1F005149BD /* Products */ = {
			isa = PBXGroup;
			children = (
				182BDB252655CA1F005149BD /* OnBoardingf.app */,
			);
			name = Products;
			sourceTree = "<group>";
		};
		182BDB272655CA1F005149BD /* OnBoardingf */ = {
			isa = PBXGroup;
			children = (
				182BDB3D2655CB93005149BD /* Views */,
				182BDB282655CA1F005149BD /* AppDelegate.swift */,
				182BDB2A2655CA1F005149BD /* SceneDelegate.swift */,
				182BDB2C2655CA1F005149BD /* ContentView.swift */,
				182BDB2E2655CA21005149BD /* Assets.xcassets */,
				182BDB332655CA21005149BD /* LaunchScreen.storyboard */,
				182BDB362655CA21005149BD /* Info.plist */,
				182BDB302655CA21005149BD /* Preview Content */,
			);
			path = OnBoardingf;
			sourceTree = "<group>";
		};
		182BDB302655CA21005149BD /* Preview Content */ = {
			isa = PBXGroup;
			children = (
				182BDB312655CA21005149BD /* Preview Assets.xcassets */,
			);
			path = "Preview Content";
			sourceTree = "<group>";
		};
		182BDB3D2655CB93005149BD /* Views */ = {
			isa = PBXGroup;
			children = (
				182BDB3E2655CBBE005149BD /* Pagina1.swift */,
				182BDB422655CBC9005149BD /* Pagina2.swift */,
				182BDB452655CBD2005149BD /* Pagina3.swift */,
				182BDB482655CBDF005149BD /* InicioView.swift */,
			);
			path = Views;
			sourceTree = "<group>";
		};
/* End PBXGroup section */

/* Begin PBXNativeTarget section */
		182BDB242655CA1F005149BD /* OnBoardingf */ = {
			isa = PBXNativeTarget;
			buildConfigurationList = 182BDB392655CA21005149BD /* Build configuration list for PBXNativeTarget "OnBoardingf" */;
			buildPhases = (
				182BDB212655CA1F005149BD /* Sources */,
				182BDB222655CA1F005149BD /* Frameworks */,
				182BDB232655CA1F005149BD /* Resources */,
			);
			buildRules = (
			);
			dependencies = (
			);
			name = OnBoardingf;
			productName = OnBoardingf;
			productReference = 182BDB252655CA1F005149BD /* OnBoardingf.app */;
			productType = "com.apple.product-type.application";
		};
/* End PBXNativeTarget section */

/* Begin PBXProject section */
		182BDB1D2655CA1F005149BD /* Project object */ = {
			isa = PBXProject;
			attributes = {
				LastSwiftUpdateCheck = 1230;
				LastUpgradeCheck = 1230;
				TargetAttributes = {
					182BDB242655CA1F005149BD = {
						CreatedOnToolsVersion = 12.3;
					};
				};
			};
			buildConfigurationList = 182BDB202655CA1F005149BD /* Build configuration list for PBXProject "OnBoardingf" */;
			compatibilityVersion = "Xcode 9.3";
			developmentRegion = en;
			hasScannedForEncodings = 0;
			knownRegions = (
				en,
				Base,
			);
			mainGroup = 182BDB1C2655CA1F005149BD;
			productRefGroup = 182BDB262655CA1F005149BD /* Products */;
			projectDirPath = "";
			projectRoot = "";
			targets = (
				182BDB242655CA1F005149BD /* OnBoardingf */,
			);
		};
/* End PBXProject section */

/* Begin PBXResourcesBuildPhase section */
		182BDB232655CA1F005149BD /* Resources */ = {
			isa = PBXResourcesBuildPhase;
			buildActionMask = 2147483647;
			files = (
				182BDB352655CA21005149BD /* LaunchScreen.storyboard in Resources */,
				182BDB322655CA21005149BD /* Preview Assets.xcassets in Resources */,
				182BDB2F2655CA21005149BD /* Assets.xcassets in Resources */,
			);
			runOnlyForDeploymentPostprocessing = 0;
		};
/* End PBXResourcesBuildPhase section */

/* Begin PBXSourcesBuildPhase section */
		182BDB212655CA1F005149BD /* Sources */ = {
			isa = PBXSourcesBuildPhase;
			buildActionMask = 2147483647;
			files = (
				182BDB492655CBDF005149BD /* InicioView.swift in Sources */,
				182BDB292655CA1F005149BD /* AppDelegate.swift in Sources */,
				182BDB462655CBD2005149BD /* Pagina3.swift in Sources */,
				182BDB432655CBC9005149BD /* Pagina2.swift in Sources */,
				182BDB3F2655CBBE005149BD /* Pagina1.swift in Sources */,
				182BDB2B2655CA1F005149BD /* SceneDelegate.swift in Sources */,
				182BDB2D2655CA1F005149BD /* ContentView.swift in Sources */,
			);
			runOnlyForDeploymentPostprocessing = 0;
		};
/* End PBXSourcesBuildPhase section */

/* Begin PBXVariantGroup section */
		182BDB332655CA21005149BD /* LaunchScreen.storyboard */ = {
			isa = PBXVariantGroup;
			children = (
				182BDB342655CA21005149BD /* Base */,
			);
			name = LaunchScreen.storyboard;
			sourceTree = "<group>";
		};
/* End PBXVariantGroup section */

/* Begin XCBuildConfiguration section */
		182BDB372655CA21005149BD /* Debug */ = {
			isa = XCBuildConfiguration;
			buildSettings = {
				ALWAYS_SEARCH_USER_PATHS = NO;
				CLANG_ANALYZER_NONNULL = YES;
				CLANG_ANALYZER_NUMBER_OBJECT_CONVERSION = YES_AGGRESSIVE;
				CLANG_CXX_LANGUAGE_STANDARD = "gnu++14";
				CLANG_CXX_LIBRARY = "libc++";
				CLANG_ENABLE_MODULES = YES;
				CLANG_ENABLE_OBJC_ARC = YES;
				CLANG_ENABLE_OBJC_WEAK = YES;
				CLANG_WARN_BLOCK_CAPTURE_AUTORELEASING = YES;
				CLANG_WARN_BOOL_CONVERSION = YES;
				CLANG_WARN_COMMA = YES;
				CLANG_WARN_CONSTANT_CONVERSION = YES;
				CLANG_WARN_DEPRECATED_OBJC_IMPLEMENTATIONS = YES;
				CLANG_WARN_DIRECT_OBJC_ISA_USAGE = YES_ERROR;
				CLANG_WARN_DOCUMENTATION_COMMENTS = YES;
				CLANG_WARN_EMPTY_BODY = YES;
				CLANG_WARN_ENUM_CONVERSION = YES;
				CLANG_WARN_INFINITE_RECURSION = YES;
				CLANG_WARN_INT_CONVERSION = YES;
				CLANG_WARN_NON_LITERAL_NULL_CONVERSION = YES;
				CLANG_WARN_OBJC_IMPLICIT_RETAIN_SELF = YES;
				CLANG_WARN_OBJC_LITERAL_CONVERSION = YES;
				CLANG_WARN_OBJC_ROOT_CLASS = YES_ERROR;
				CLANG_WARN_QUOTED_INCLUDE_IN_FRAMEWORK_HEADER = YES;
				CLANG_WARN_RANGE_LOOP_ANALYSIS = YES;
				CLANG_WARN_STRICT_PROTOTYPES = YES;
				CLANG_WARN_SUSPICIOUS_MOVE = YES;
				CLANG_WARN_UNGUARDED_AVAILABILITY = YES_AGGRESSIVE;
				CLANG_WARN_UNREACHABLE_CODE = YES;
				CLANG_WARN__DUPLICATE_METHOD_MATCH = YES;
				COPY_PHASE_STRIP = NO;
				DEBUG_INFORMATION_FORMAT = dwarf;
				ENABLE_STRICT_OBJC_MSGSEND = YES;
				ENABLE_TESTABILITY = YES;
				GCC_C_LANGUAGE_STANDARD = gnu11;
				GCC_DYNAMIC_NO_PIC = NO;
				GCC_NO_COMMON_BLOCKS = YES;
				GCC_OPTIMIZATION_LEVEL = 0;
				GCC_PREPROCESSOR_DEFINITIONS = (
					"DEBUG=1",
					"$(inherited)",
				);
				GCC_WARN_64_TO_32_BIT_CONVERSION = YES;
				GCC_WARN_ABOUT_RETURN_TYPE = YES_ERROR;
				GCC_WARN_UNDECLARED_SELECTOR = YES;
				GCC_WARN_UNINITIALIZED_AUTOS = YES_AGGRESSIVE;
				GCC_WARN_UNUSED_FUNCTION = YES;
				GCC_WARN_UNUSED_VARIABLE = YES;
				IPHONEOS_DEPLOYMENT_TARGET = 14.3;
				MTL_ENABLE_DEBUG_INFO = INCLUDE_SOURCE;
				MTL_FAST_MATH = YES;
				ONLY_ACTIVE_ARCH = YES;
				SDKROOT = iphoneos;
				SWIFT_ACTIVE_COMPILATION_CONDITIONS = DEBUG;
				SWIFT_OPTIMIZATION_LEVEL = "-Onone";
			};
			name = Debug;
		};
		182BDB382655CA21005149BD /* Release */ = {
			isa = XCBuildConfiguration;
			buildSettings = {
				ALWAYS_SEARCH_USER_PATHS = NO;
				CLANG_ANALYZER_NONNULL = YES;
				CLANG_ANALYZER_NUMBER_OBJECT_CONVERSION = YES_AGGRESSIVE;
				CLANG_CXX_LANGUAGE_STANDARD = "gnu++14";
				CLANG_CXX_LIBRARY = "libc++";
				CLANG_ENABLE_MODULES = YES;
				CLANG_ENABLE_OBJC_ARC = YES;
				CLANG_ENABLE_OBJC_WEAK = YES;
				CLANG_WARN_BLOCK_CAPTURE_AUTORELEASING = YES;
				CLANG_WARN_BOOL_CONVERSION = YES;
				CLANG_WARN_COMMA = YES;
				CLANG_WARN_CONSTANT_CONVERSION = YES;
				CLANG_WARN_DEPRECATED_OBJC_IMPLEMENTATIONS = YES;
				CLANG_WARN_DIRECT_OBJC_ISA_USAGE = YES_ERROR;
				CLANG_WARN_DOCUMENTATION_COMMENTS = YES;
				CLANG_WARN_EMPTY_BODY = YES;
				CLANG_WARN_ENUM_CONVERSION = YES;
				CLANG_WARN_INFINITE_RECURSION = YES;
				CLANG_WARN_INT_CONVERSION = YES;
				CLANG_WARN_NON_LITERAL_NULL_CONVERSION = YES;
				CLANG_WARN_OBJC_IMPLICIT_RETAIN_SELF = YES;
				CLANG_WARN_OBJC_LITERAL_CONVERSION = YES;
				CLANG_WARN_OBJC_ROOT_CLASS = YES_ERROR;
				CLANG_WARN_QUOTED_INCLUDE_IN_FRAMEWORK_HEADER = YES;
				CLANG_WARN_RANGE_LOOP_ANALYSIS = YES;
				CLANG_WARN_STRICT_PROTOTYPES = YES;
				CLANG_WARN_SUSPICIOUS_MOVE = YES;
				CLANG_WARN_UNGUARDED_AVAILABILITY = YES_AGGRESSIVE;
				CLANG_WARN_UNREACHABLE_CODE = YES;
				CLANG_WARN__DUPLICATE_METHOD_MATCH = YES;
				COPY_PHASE_STRIP = NO;
				DEBUG_INFORMATION_FORMAT = "dwarf-with-dsym";
				ENABLE_NS_ASSERTIONS = NO;
				ENABLE_STRICT_OBJC_MSGSEND = YES;
				GCC_C_LANGUAGE_STANDARD = gnu11;
				GCC_NO_COMMON_BLOCKS = YES;
				GCC_WARN_64_TO_32_BIT_CONVERSION = YES;
				GCC_WARN_ABOUT_RETURN_TYPE = YES_ERROR;
				GCC_WARN_UNDECLARED_SELECTOR = YES;
				GCC_WARN_UNINITIALIZED_AUTOS = YES_AGGRESSIVE;
				GCC_WARN_UNUSED_FUNCTION = YES;
				GCC_WARN_UNUSED_VARIABLE = YES;
				IPHONEOS_DEPLOYMENT_TARGET = 14.3;
				MTL_ENABLE_DEBUG_INFO = NO;
				MTL_FAST_MATH = YES;
				SDKROOT = iphoneos;
				SWIFT_COMPILATION_MODE = wholemodule;
				SWIFT_OPTIMIZATION_LEVEL = "-O";
				VALIDATE_PRODUCT = YES;
			};
			name = Release;
		};
		182BDB3A2655CA21005149BD /* Debug */ = {
			isa = XCBuildConfiguration;
			buildSettings = {
				ASSETCATALOG_COMPILER_APPICON_NAME = AppIcon;
				ASSETCATALOG_COMPILER_GLOBAL_ACCENT_COLOR_NAME = AccentColor;
				CODE_SIGN_STYLE = Automatic;
				DEVELOPMENT_ASSET_PATHS = "\"OnBoardingf/Preview Content\"";
				DEVELOPMENT_TEAM = HV3A3PD47U;
				ENABLE_PREVIEWS = YES;
				INFOPLIST_FILE = OnBoardingf/Info.plist;
				LD_RUNPATH_SEARCH_PATHS = (
					"$(inherited)",
					"@executable_path/Frameworks",
				);
				PRODUCT_BUNDLE_IDENTIFIER = com.valid.OnBoardingf;
				PRODUCT_NAME = "$(TARGET_NAME)";
				SWIFT_VERSION = 5.0;
				TARGETED_DEVICE_FAMILY = "1,2";
			};
			name = Debug;
		};
		182BDB3B2655CA21005149BD /* Release */ = {
			isa = XCBuildConfiguration;
			buildSettings = {
				ASSETCATALOG_COMPILER_APPICON_NAME = AppIcon;
				ASSETCATALOG_COMPILER_GLOBAL_ACCENT_COLOR_NAME = AccentColor;
				CODE_SIGN_STYLE = Automatic;
				DEVELOPMENT_ASSET_PATHS = "\"OnBoardingf/Preview Content\"";
				DEVELOPMENT_TEAM = HV3A3PD47U;
				ENABLE_PREVIEWS = YES;
				INFOPLIST_FILE = OnBoardingf/Info.plist;
				LD_RUNPATH_SEARCH_PATHS = (
					"$(inherited)",
					"@executable_path/Frameworks",
				);
				PRODUCT_BUNDLE_IDENTIFIER = com.valid.OnBoardingf;
				PRODUCT_NAME = "$(TARGET_NAME)";
				SWIFT_VERSION = 5.0;
				TARGETED_DEVICE_FAMILY = "1,2";
			};
			name = Release;
		};
/* End XCBuildConfiguration section */

/* Begin XCConfigurationList section */
		182BDB202655CA1F005149BD /* Build configuration list for PBXProject "OnBoardingf" */ = {
			isa = XCConfigurationList;
			buildConfigurations = (
				182BDB372655CA21005149BD /* Debug */,
				182BDB382655CA21005149BD /* Release */,
			);
			defaultConfigurationIsVisible = 0;
			defaultConfigurationName = Release;
		};
		182BDB392655CA21005149BD /* Build configuration list for PBXNativeTarget "OnBoardingf" */ = {
			isa = XCConfigurationList;
			buildConfigurations = (
				182BDB3A2655CA21005149BD /* Debug */,
				182BDB3B2655CA21005149BD /* Release */,
			);
			defaultConfigurationIsVisible = 0;
			defaultConfigurationName = Release;
		};
/* End XCConfigurationList section */
	};
	rootObject = 182BDB1D2655CA1F005149BD /* Project object */;
}
