// !$*UTF8*$!
{
	archiveVersion = 1;
	classes = {
	};
	objectVersion = 51;
	objects = {

/* Begin PBXBuildFile section */
		521481142655FF170006B966 /* AppDelegate.swift in Sources */ = {isa = PBXBuildFile; fileRef = 521481132655FF170006B966 /* AppDelegate.swift */; };
		521481162655FF170006B966 /* SceneDelegate.swift in Sources */ = {isa = PBXBuildFile; fileRef = 521481152655FF170006B966 /* SceneDelegate.swift */; };
		521481182655FF170006B966 /* ContentView.swift in Sources */ = {isa = PBXBuildFile; fileRef = 521481172655FF170006B966 /* ContentView.swift */; };
		5214811A2655FF1B0006B966 /* Assets.xcassets in Resources */ = {isa = PBXBuildFile; fileRef = 521481192655FF1B0006B966 /* Assets.xcassets */; };
		5214811D2655FF1B0006B966 /* Preview Assets.xcassets in Resources */ = {isa = PBXBuildFile; fileRef = 5214811C2655FF1B0006B966 /* Preview Assets.xcassets */; };
		521481202655FF1B0006B966 /* LaunchScreen.storyboard in Resources */ = {isa = PBXBuildFile; fileRef = 5214811E2655FF1B0006B966 /* LaunchScreen.storyboard */; };
		52148131265601E80006B966 /* BannerView.swift in Sources */ = {isa = PBXBuildFile; fileRef = 52148130265601E80006B966 /* BannerView.swift */; };
		52148134265601F70006B966 /* BonificationView.swift in Sources */ = {isa = PBXBuildFile; fileRef = 52148133265601F70006B966 /* BonificationView.swift */; };
		52148137265602670006B966 /* InterstitialView.swift in Sources */ = {isa = PBXBuildFile; fileRef = 52148136265602670006B966 /* InterstitialView.swift */; };
		F8F5435F81F51A783D094BDD /* Pods_PublicidadGoogle.framework in Frameworks */ = {isa = PBXBuildFile; fileRef = 8CBA43221CA555205C8AD332 /* Pods_PublicidadGoogle.framework */; };
/* End PBXBuildFile section */

/* Begin PBXFileReference section */
		38A24F549AD9748DA40E4DD9 /* Pods-PublicidadGoogle.release.xcconfig */ = {isa = PBXFileReference; includeInIndex = 1; lastKnownFileType = text.xcconfig; name = "Pods-PublicidadGoogle.release.xcconfig"; path = "Target Support Files/Pods-PublicidadGoogle/Pods-PublicidadGoogle.release.xcconfig"; sourceTree = "<group>"; };
		521481102655FF170006B966 /* PublicidadGoogle.app */ = {isa = PBXFileReference; explicitFileType = wrapper.application; includeInIndex = 0; path = PublicidadGoogle.app; sourceTree = BUILT_PRODUCTS_DIR; };
		521481132655FF170006B966 /* AppDelegate.swift */ = {isa = PBXFileReference; lastKnownFileType = sourcecode.swift; path = AppDelegate.swift; sourceTree = "<group>"; };
		521481152655FF170006B966 /* SceneDelegate.swift */ = {isa = PBXFileReference; lastKnownFileType = sourcecode.swift; path = SceneDelegate.swift; sourceTree = "<group>"; };
		521481172655FF170006B966 /* ContentView.swift */ = {isa = PBXFileReference; lastKnownFileType = sourcecode.swift; path = ContentView.swift; sourceTree = "<group>"; };
		521481192655FF1B0006B966 /* Assets.xcassets */ = {isa = PBXFileReference; lastKnownFileType = folder.assetcatalog; path = Assets.xcassets; sourceTree = "<group>"; };
		5214811C2655FF1B0006B966 /* Preview Assets.xcassets */ = {isa = PBXFileReference; lastKnownFileType = folder.assetcatalog; path = "Preview Assets.xcassets"; sourceTree = "<group>"; };
		5214811F2655FF1B0006B966 /* Base */ = {isa = PBXFileReference; lastKnownFileType = file.storyboard; name = Base; path = Base.lproj/LaunchScreen.storyboard; sourceTree = "<group>"; };
		521481212655FF1B0006B966 /* Info.plist */ = {isa = PBXFileReference; lastKnownFileType = text.plist.xml; path = Info.plist; sourceTree = "<group>"; };
		52148130265601E80006B966 /* BannerView.swift */ = {isa = PBXFileReference; lastKnownFileType = sourcecode.swift; path = BannerView.swift; sourceTree = "<group>"; };
		52148133265601F70006B966 /* BonificationView.swift */ = {isa = PBXFileReference; lastKnownFileType = sourcecode.swift; path = BonificationView.swift; sourceTree = "<group>"; };
		52148136265602670006B966 /* InterstitialView.swift */ = {isa = PBXFileReference; lastKnownFileType = sourcecode.swift; path = InterstitialView.swift; sourceTree = "<group>"; };
		6CFCC5F5ABD13DB45370B518 /* Pods-PublicidadGoogle.debug.xcconfig */ = {isa = PBXFileReference; includeInIndex = 1; lastKnownFileType = text.xcconfig; name = "Pods-PublicidadGoogle.debug.xcconfig"; path = "Target Support Files/Pods-PublicidadGoogle/Pods-PublicidadGoogle.debug.xcconfig"; sourceTree = "<group>"; };
		8CBA43221CA555205C8AD332 /* Pods_PublicidadGoogle.framework */ = {isa = PBXFileReference; explicitFileType = wrapper.framework; includeInIndex = 0; path = Pods_PublicidadGoogle.framework; sourceTree = BUILT_PRODUCTS_DIR; };
/* End PBXFileReference section */

/* Begin PBXFrameworksBuildPhase section */
		5214810D2655FF170006B966 /* Frameworks */ = {
			isa = PBXFrameworksBuildPhase;
			buildActionMask = 2147483647;
			files = (
				F8F5435F81F51A783D094BDD /* Pods_PublicidadGoogle.framework in Frameworks */,
			);
			runOnlyForDeploymentPostprocessing = 0;
		};
/* End PBXFrameworksBuildPhase section */

/* Begin PBXGroup section */
		332183D715B8E85CA2AD7247 /* Pods */ = {
			isa = PBXGroup;
			children = (
				6CFCC5F5ABD13DB45370B518 /* Pods-PublicidadGoogle.debug.xcconfig */,
				38A24F549AD9748DA40E4DD9 /* Pods-PublicidadGoogle.release.xcconfig */,
			);
			path = Pods;
			sourceTree = "<group>";
		};
		521481072655FF160006B966 = {
			isa = PBXGroup;
			children = (
				521481122655FF170006B966 /* PublicidadGoogle */,
				521481112655FF170006B966 /* Products */,
				332183D715B8E85CA2AD7247 /* Pods */,
				6C488774273F544C1EB6E94C /* Frameworks */,
			);
			sourceTree = "<group>";
		};
		521481112655FF170006B966 /* Products */ = {
			isa = PBXGroup;
			children = (
				521481102655FF170006B966 /* PublicidadGoogle.app */,
			);
			name = Products;
			sourceTree = "<group>";
		};
		521481122655FF170006B966 /* PublicidadGoogle */ = {
			isa = PBXGroup;
			children = (
				521481132655FF170006B966 /* AppDelegate.swift */,
				521481152655FF170006B966 /* SceneDelegate.swift */,
				521481172655FF170006B966 /* ContentView.swift */,
				521481192655FF1B0006B966 /* Assets.xcassets */,
				5214811E2655FF1B0006B966 /* LaunchScreen.storyboard */,
				521481212655FF1B0006B966 /* Info.plist */,
				5214811B2655FF1B0006B966 /* Preview Content */,
				52148130265601E80006B966 /* BannerView.swift */,
				52148133265601F70006B966 /* BonificationView.swift */,
				52148136265602670006B966 /* InterstitialView.swift */,
			);
			path = PublicidadGoogle;
			sourceTree = "<group>";
		};
		5214811B2655FF1B0006B966 /* Preview Content */ = {
			isa = PBXGroup;
			children = (
				5214811C2655FF1B0006B966 /* Preview Assets.xcassets */,
			);
			path = "Preview Content";
			sourceTree = "<group>";
		};
		6C488774273F544C1EB6E94C /* Frameworks */ = {
			isa = PBXGroup;
			children = (
				8CBA43221CA555205C8AD332 /* Pods_PublicidadGoogle.framework */,
			);
			name = Frameworks;
			sourceTree = "<group>";
		};
/* End PBXGroup section */

/* Begin PBXNativeTarget section */
		5214810F2655FF170006B966 /* PublicidadGoogle */ = {
			isa = PBXNativeTarget;
			buildConfigurationList = 521481242655FF1B0006B966 /* Build configuration list for PBXNativeTarget "PublicidadGoogle" */;
			buildPhases = (
				66555C6AA58761CCC1D798C7 /* [CP] Check Pods Manifest.lock */,
				5214810C2655FF170006B966 /* Sources */,
				5214810D2655FF170006B966 /* Frameworks */,
				5214810E2655FF170006B966 /* Resources */,
				EDCE4E42BC1EAD6A36059EFA /* [CP] Embed Pods Frameworks */,
			);
			buildRules = (
			);
			dependencies = (
			);
			name = PublicidadGoogle;
			productName = PublicidadGoogle;
			productReference = 521481102655FF170006B966 /* PublicidadGoogle.app */;
			productType = "com.apple.product-type.application";
		};
/* End PBXNativeTarget section */

/* Begin PBXProject section */
		521481082655FF160006B966 /* Project object */ = {
			isa = PBXProject;
			attributes = {
				LastSwiftUpdateCheck = 1240;
				LastUpgradeCheck = 1240;
				TargetAttributes = {
					5214810F2655FF170006B966 = {
						CreatedOnToolsVersion = 12.4;
					};
				};
			};
			buildConfigurationList = 5214810B2655FF160006B966 /* Build configuration list for PBXProject "PublicidadGoogle" */;
			compatibilityVersion = "Xcode 9.3";
			developmentRegion = en;
			hasScannedForEncodings = 0;
			knownRegions = (
				en,
				Base,
			);
			mainGroup = 521481072655FF160006B966;
			productRefGroup = 521481112655FF170006B966 /* Products */;
			projectDirPath = "";
			projectRoot = "";
			targets = (
				5214810F2655FF170006B966 /* PublicidadGoogle */,
			);
		};
/* End PBXProject section */

/* Begin PBXResourcesBuildPhase section */
		5214810E2655FF170006B966 /* Resources */ = {
			isa = PBXResourcesBuildPhase;
			buildActionMask = 2147483647;
			files = (
				521481202655FF1B0006B966 /* LaunchScreen.storyboard in Resources */,
				5214811D2655FF1B0006B966 /* Preview Assets.xcassets in Resources */,
				5214811A2655FF1B0006B966 /* Assets.xcassets in Resources */,
			);
			runOnlyForDeploymentPostprocessing = 0;
		};
/* End PBXResourcesBuildPhase section */

/* Begin PBXShellScriptBuildPhase section */
		66555C6AA58761CCC1D798C7 /* [CP] Check Pods Manifest.lock */ = {
			isa = PBXShellScriptBuildPhase;
			buildActionMask = 2147483647;
			files = (
			);
			inputFileListPaths = (
			);
			inputPaths = (
				"${PODS_PODFILE_DIR_PATH}/Podfile.lock",
				"${PODS_ROOT}/Manifest.lock",
			);
			name = "[CP] Check Pods Manifest.lock";
			outputFileListPaths = (
			);
			outputPaths = (
				"$(DERIVED_FILE_DIR)/Pods-PublicidadGoogle-checkManifestLockResult.txt",
			);
			runOnlyForDeploymentPostprocessing = 0;
			shellPath = /bin/sh;
			shellScript = "diff \"${PODS_PODFILE_DIR_PATH}/Podfile.lock\" \"${PODS_ROOT}/Manifest.lock\" > /dev/null\nif [ $? != 0 ] ; then\n    # print error to STDERR\n    echo \"error: The sandbox is not in sync with the Podfile.lock. Run 'pod install' or update your CocoaPods installation.\" >&2\n    exit 1\nfi\n# This output is used by Xcode 'outputs' to avoid re-running this script phase.\necho \"SUCCESS\" > \"${SCRIPT_OUTPUT_FILE_0}\"\n";
			showEnvVarsInLog = 0;
		};
		EDCE4E42BC1EAD6A36059EFA /* [CP] Embed Pods Frameworks */ = {
			isa = PBXShellScriptBuildPhase;
			buildActionMask = 2147483647;
			files = (
			);
			inputFileListPaths = (
				"${PODS_ROOT}/Target Support Files/Pods-PublicidadGoogle/Pods-PublicidadGoogle-frameworks-${CONFIGURATION}-input-files.xcfilelist",
			);
			name = "[CP] Embed Pods Frameworks";
			outputFileListPaths = (
				"${PODS_ROOT}/Target Support Files/Pods-PublicidadGoogle/Pods-PublicidadGoogle-frameworks-${CONFIGURATION}-output-files.xcfilelist",
			);
			runOnlyForDeploymentPostprocessing = 0;
			shellPath = /bin/sh;
			shellScript = "\"${PODS_ROOT}/Target Support Files/Pods-PublicidadGoogle/Pods-PublicidadGoogle-frameworks.sh\"\n";
			showEnvVarsInLog = 0;
		};
/* End PBXShellScriptBuildPhase section */

/* Begin PBXSourcesBuildPhase section */
		5214810C2655FF170006B966 /* Sources */ = {
			isa = PBXSourcesBuildPhase;
			buildActionMask = 2147483647;
			files = (
				52148131265601E80006B966 /* BannerView.swift in Sources */,
				52148134265601F70006B966 /* BonificationView.swift in Sources */,
				521481142655FF170006B966 /* AppDelegate.swift in Sources */,
				521481162655FF170006B966 /* SceneDelegate.swift in Sources */,
				521481182655FF170006B966 /* ContentView.swift in Sources */,
				52148137265602670006B966 /* InterstitialView.swift in Sources */,
			);
			runOnlyForDeploymentPostprocessing = 0;
		};
/* End PBXSourcesBuildPhase section */

/* Begin PBXVariantGroup section */
		5214811E2655FF1B0006B966 /* LaunchScreen.storyboard */ = {
			isa = PBXVariantGroup;
			children = (
				5214811F2655FF1B0006B966 /* Base */,
			);
			name = LaunchScreen.storyboard;
			sourceTree = "<group>";
		};
/* End PBXVariantGroup section */

/* Begin XCBuildConfiguration section */
		521481222655FF1B0006B966 /* Debug */ = {
			isa = XCBuildConfiguration;
			buildSettings = {
				ALWAYS_SEARCH_USER_PATHS = NO;
				CLANG_ANALYZER_NONNULL = YES;
				CLANG_ANALYZER_NUMBER_OBJECT_CONVERSION = YES_AGGRESSIVE;
				CLANG_CXX_LANGUAGE_STANDARD = "gnu++14";
				CLANG_CXX_LIBRARY = "libc++";
				CLANG_ENABLE_MODULES = YES;
				CLANG_ENABLE_OBJC_ARC = YES;
				CLANG_ENABLE_OBJC_WEAK = YES;
				CLANG_WARN_BLOCK_CAPTURE_AUTORELEASING = YES;
				CLANG_WARN_BOOL_CONVERSION = YES;
				CLANG_WARN_COMMA = YES;
				CLANG_WARN_CONSTANT_CONVERSION = YES;
				CLANG_WARN_DEPRECATED_OBJC_IMPLEMENTATIONS = YES;
				CLANG_WARN_DIRECT_OBJC_ISA_USAGE = YES_ERROR;
				CLANG_WARN_DOCUMENTATION_COMMENTS = YES;
				CLANG_WARN_EMPTY_BODY = YES;
				CLANG_WARN_ENUM_CONVERSION = YES;
				CLANG_WARN_INFINITE_RECURSION = YES;
				CLANG_WARN_INT_CONVERSION = YES;
				CLANG_WARN_NON_LITERAL_NULL_CONVERSION = YES;
				CLANG_WARN_OBJC_IMPLICIT_RETAIN_SELF = YES;
				CLANG_WARN_OBJC_LITERAL_CONVERSION = YES;
				CLANG_WARN_OBJC_ROOT_CLASS = YES_ERROR;
				CLANG_WARN_QUOTED_INCLUDE_IN_FRAMEWORK_HEADER = YES;
				CLANG_WARN_RANGE_LOOP_ANALYSIS = YES;
				CLANG_WARN_STRICT_PROTOTYPES = YES;
				CLANG_WARN_SUSPICIOUS_MOVE = YES;
				CLANG_WARN_UNGUARDED_AVAILABILITY = YES_AGGRESSIVE;
				CLANG_WARN_UNREACHABLE_CODE = YES;
				CLANG_WARN__DUPLICATE_METHOD_MATCH = YES;
				COPY_PHASE_STRIP = NO;
				DEBUG_INFORMATION_FORMAT = dwarf;
				ENABLE_STRICT_OBJC_MSGSEND = YES;
				ENABLE_TESTABILITY = YES;
				GCC_C_LANGUAGE_STANDARD = gnu11;
				GCC_DYNAMIC_NO_PIC = NO;
				GCC_NO_COMMON_BLOCKS = YES;
				GCC_OPTIMIZATION_LEVEL = 0;
				GCC_PREPROCESSOR_DEFINITIONS = (
					"DEBUG=1",
					"$(inherited)",
				);
				GCC_WARN_64_TO_32_BIT_CONVERSION = YES;
				GCC_WARN_ABOUT_RETURN_TYPE = YES_ERROR;
				GCC_WARN_UNDECLARED_SELECTOR = YES;
				GCC_WARN_UNINITIALIZED_AUTOS = YES_AGGRESSIVE;
				GCC_WARN_UNUSED_FUNCTION = YES;
				GCC_WARN_UNUSED_VARIABLE = YES;
				IPHONEOS_DEPLOYMENT_TARGET = 14.4;
				MTL_ENABLE_DEBUG_INFO = INCLUDE_SOURCE;
				MTL_FAST_MATH = YES;
				ONLY_ACTIVE_ARCH = YES;
				SDKROOT = iphoneos;
				SWIFT_ACTIVE_COMPILATION_CONDITIONS = DEBUG;
				SWIFT_OPTIMIZATION_LEVEL = "-Onone";
			};
			name = Debug;
		};
		521481232655FF1B0006B966 /* Release */ = {
			isa = XCBuildConfiguration;
			buildSettings = {
				ALWAYS_SEARCH_USER_PATHS = NO;
				CLANG_ANALYZER_NONNULL = YES;
				CLANG_ANALYZER_NUMBER_OBJECT_CONVERSION = YES_AGGRESSIVE;
				CLANG_CXX_LANGUAGE_STANDARD = "gnu++14";
				CLANG_CXX_LIBRARY = "libc++";
				CLANG_ENABLE_MODULES = YES;
				CLANG_ENABLE_OBJC_ARC = YES;
				CLANG_ENABLE_OBJC_WEAK = YES;
				CLANG_WARN_BLOCK_CAPTURE_AUTORELEASING = YES;
				CLANG_WARN_BOOL_CONVERSION = YES;
				CLANG_WARN_COMMA = YES;
				CLANG_WARN_CONSTANT_CONVERSION = YES;
				CLANG_WARN_DEPRECATED_OBJC_IMPLEMENTATIONS = YES;
				CLANG_WARN_DIRECT_OBJC_ISA_USAGE = YES_ERROR;
				CLANG_WARN_DOCUMENTATION_COMMENTS = YES;
				CLANG_WARN_EMPTY_BODY = YES;
				CLANG_WARN_ENUM_CONVERSION = YES;
				CLANG_WARN_INFINITE_RECURSION = YES;
				CLANG_WARN_INT_CONVERSION = YES;
				CLANG_WARN_NON_LITERAL_NULL_CONVERSION = YES;
				CLANG_WARN_OBJC_IMPLICIT_RETAIN_SELF = YES;
				CLANG_WARN_OBJC_LITERAL_CONVERSION = YES;
				CLANG_WARN_OBJC_ROOT_CLASS = YES_ERROR;
				CLANG_WARN_QUOTED_INCLUDE_IN_FRAMEWORK_HEADER = YES;
				CLANG_WARN_RANGE_LOOP_ANALYSIS = YES;
				CLANG_WARN_STRICT_PROTOTYPES = YES;
				CLANG_WARN_SUSPICIOUS_MOVE = YES;
				CLANG_WARN_UNGUARDED_AVAILABILITY = YES_AGGRESSIVE;
				CLANG_WARN_UNREACHABLE_CODE = YES;
				CLANG_WARN__DUPLICATE_METHOD_MATCH = YES;
				COPY_PHASE_STRIP = NO;
				DEBUG_INFORMATION_FORMAT = "dwarf-with-dsym";
				ENABLE_NS_ASSERTIONS = NO;
				ENABLE_STRICT_OBJC_MSGSEND = YES;
				GCC_C_LANGUAGE_STANDARD = gnu11;
				GCC_NO_COMMON_BLOCKS = YES;
				GCC_WARN_64_TO_32_BIT_CONVERSION = YES;
				GCC_WARN_ABOUT_RETURN_TYPE = YES_ERROR;
				GCC_WARN_UNDECLARED_SELECTOR = YES;
				GCC_WARN_UNINITIALIZED_AUTOS = YES_AGGRESSIVE;
				GCC_WARN_UNUSED_FUNCTION = YES;
				GCC_WARN_UNUSED_VARIABLE = YES;
				IPHONEOS_DEPLOYMENT_TARGET = 14.4;
				MTL_ENABLE_DEBUG_INFO = NO;
				MTL_FAST_MATH = YES;
				SDKROOT = iphoneos;
				SWIFT_COMPILATION_MODE = wholemodule;
				SWIFT_OPTIMIZATION_LEVEL = "-O";
				VALIDATE_PRODUCT = YES;
			};
			name = Release;
		};
		521481252655FF1B0006B966 /* Debug */ = {
			isa = XCBuildConfiguration;
			baseConfigurationReference = 6CFCC5F5ABD13DB45370B518 /* Pods-PublicidadGoogle.debug.xcconfig */;
			buildSettings = {
				ASSETCATALOG_COMPILER_APPICON_NAME = AppIcon;
				ASSETCATALOG_COMPILER_GLOBAL_ACCENT_COLOR_NAME = AccentColor;
				CODE_SIGN_STYLE = Automatic;
				DEVELOPMENT_ASSET_PATHS = "\"PublicidadGoogle/Preview Content\"";
				DEVELOPMENT_TEAM = Z4GRA75UCL;
				ENABLE_PREVIEWS = YES;
				INFOPLIST_FILE = PublicidadGoogle/Info.plist;
				LD_RUNPATH_SEARCH_PATHS = (
					"$(inherited)",
					"@executable_path/Frameworks",
				);
				OTHER_LDFLAGS = (
					"$(inherited)",
					"-l\"c++\"",
					"-l\"sqlite3\"",
					"-l\"z\"",
					"-framework",
					"\"AVFoundation\"",
					"-framework",
					"\"AudioToolbox\"",
					"-framework",
					"\"CFNetwork\"",
					"-framework",
					"\"CoreGraphics\"",
					"-framework",
					"\"CoreMedia\"",
					"-framework",
					"\"CoreTelephony\"",
					"-framework",
					"\"CoreVideo\"",
					"-framework",
					"\"FBLPromises\"",
					"-framework",
					"\"GoogleAppMeasurement\"",
					"-framework",
					"\"GoogleMobileAds\"",
					"-framework",
					"\"GoogleUtilities\"",
					"-framework",
					"\"MediaPlayer\"",
					"-framework",
					"\"MessageUI\"",
					"-framework",
					"\"MobileCoreServices\"",
					"-framework",
					"\"QuartzCore\"",
					"-framework",
					"\"Security\"",
					"-framework",
					"\"StoreKit\"",
					"-framework",
					"\"SystemConfiguration\"",
					"-framework",
					"\"UserMessagingPlatform\"",
					"-framework",
					"\"WebKit\"",
					"-framework",
					"\"nanopb\"",
					"-weak_framework",
					"\"AdSupport\"",
					"-weak_framework",
					"\"JavaScriptCore\"",
					"-weak_framework",
					"\"SafariServices\"",
					"-weak_framework",
					"\"WebKit\"",
					"-ObjC",
				);
				PRODUCT_BUNDLE_IDENTIFIER = com.datacrm.PublicidadGoogle;
				PRODUCT_NAME = "$(TARGET_NAME)";
				SWIFT_VERSION = 5.0;
				TARGETED_DEVICE_FAMILY = "1,2";
			};
			name = Debug;
		};
		521481262655FF1B0006B966 /* Release */ = {
			isa = XCBuildConfiguration;
			baseConfigurationReference = 38A24F549AD9748DA40E4DD9 /* Pods-PublicidadGoogle.release.xcconfig */;
			buildSettings = {
				ASSETCATALOG_COMPILER_APPICON_NAME = AppIcon;
				ASSETCATALOG_COMPILER_GLOBAL_ACCENT_COLOR_NAME = AccentColor;
				CODE_SIGN_STYLE = Automatic;
				DEVELOPMENT_ASSET_PATHS = "\"PublicidadGoogle/Preview Content\"";
				DEVELOPMENT_TEAM = Z4GRA75UCL;
				ENABLE_PREVIEWS = YES;
				INFOPLIST_FILE = PublicidadGoogle/Info.plist;
				LD_RUNPATH_SEARCH_PATHS = (
					"$(inherited)",
					"@executable_path/Frameworks",
				);
				OTHER_LDFLAGS = (
					"$(inherited)",
					"-l\"c++\"",
					"-l\"sqlite3\"",
					"-l\"z\"",
					"-framework",
					"\"AVFoundation\"",
					"-framework",
					"\"AudioToolbox\"",
					"-framework",
					"\"CFNetwork\"",
					"-framework",
					"\"CoreGraphics\"",
					"-framework",
					"\"CoreMedia\"",
					"-framework",
					"\"CoreTelephony\"",
					"-framework",
					"\"CoreVideo\"",
					"-framework",
					"\"FBLPromises\"",
					"-framework",
					"\"GoogleAppMeasurement\"",
					"-framework",
					"\"GoogleMobileAds\"",
					"-framework",
					"\"GoogleUtilities\"",
					"-framework",
					"\"MediaPlayer\"",
					"-framework",
					"\"MessageUI\"",
					"-framework",
					"\"MobileCoreServices\"",
					"-framework",
					"\"QuartzCore\"",
					"-framework",
					"\"Security\"",
					"-framework",
					"\"StoreKit\"",
					"-framework",
					"\"SystemConfiguration\"",
					"-framework",
					"\"UserMessagingPlatform\"",
					"-framework",
					"\"WebKit\"",
					"-framework",
					"\"nanopb\"",
					"-weak_framework",
					"\"AdSupport\"",
					"-weak_framework",
					"\"JavaScriptCore\"",
					"-weak_framework",
					"\"SafariServices\"",
					"-weak_framework",
					"\"WebKit\"",
					"-ObjC",
				);
				PRODUCT_BUNDLE_IDENTIFIER = com.datacrm.PublicidadGoogle;
				PRODUCT_NAME = "$(TARGET_NAME)";
				SWIFT_VERSION = 5.0;
				TARGETED_DEVICE_FAMILY = "1,2";
			};
			name = Release;
		};
/* End XCBuildConfiguration section */

/* Begin XCConfigurationList section */
		5214810B2655FF160006B966 /* Build configuration list for PBXProject "PublicidadGoogle" */ = {
			isa = XCConfigurationList;
			buildConfigurations = (
				521481222655FF1B0006B966 /* Debug */,
				521481232655FF1B0006B966 /* Release */,
			);
			defaultConfigurationIsVisible = 0;
			defaultConfigurationName = Release;
		};
		521481242655FF1B0006B966 /* Build configuration list for PBXNativeTarget "PublicidadGoogle" */ = {
			isa = XCConfigurationList;
			buildConfigurations = (
				521481252655FF1B0006B966 /* Debug */,
				521481262655FF1B0006B966 /* Release */,
			);
			defaultConfigurationIsVisible = 0;
			defaultConfigurationName = Release;
		};
/* End XCConfigurationList section */
	};
	rootObject = 521481082655FF160006B966 /* Project object */;
}
